
Microsoft Visual Studio Solution File, Format Version 12.00
# Visual Studio Version 16
VisualStudioVersion = 16.0.29215.179
MinimumVisualStudioVersion = 10.0.40219.1
Project("{FAE04EC0-301F-11D3-BF4B-00C04F79EFBC}") = "PasswordManager", "PasswordManager\PasswordManager.csproj", "{BB0252D2-E211-412C-AD96-95A4A6F845A4}"
EndProject
Global
	GlobalSection(SolutionConfigurationPlatforms) = preSolution
		Debug|Any CPU = Debug|Any CPU
		Release|Any CPU = Release|Any CPU
	EndGlobalSection
	GlobalSection(ProjectConfigurationPlatforms) = postSolution
		{BB0252D2-E211-412C-AD96-95A4A6F845A4}.Debug|Any CPU.ActiveCfg = Debug|Any CPU
		{BB0252D2-E211-412C-AD96-95A4A6F845A4}.Debug|Any CPU.Build.0 = Debug|Any CPU
		{BB0252D2-E211-412C-AD96-95A4A6F845A4}.Release|Any CPU.ActiveCfg = Release|Any CPU
		{BB0252D2-E211-412C-AD96-95A4A6F845A4}.Release|Any CPU.Build.0 = Release|Any CPU
	EndGlobalSection
	GlobalSection(SolutionProperties) = preSolution
		HideSolutionNode = FALSE
	EndGlobalSection
	GlobalSection(ExtensibilityGlobals) = postSolution
		SolutionGuid = {0B3F1ACD-41FC-4DC7-9EB5-4DD071C817D6}
	EndGlobalSection
EndGlobal
